
Microsoft Visual Studio Solution File, Format Version 12.00
# Visual Studio 15
VisualStudioVersion = 15.0.27428.2037
MinimumVisualStudioVersion = 10.0.40219.1
Project("{FAE04EC0-301F-11D3-BF4B-00C04F79EFBC}") = "DitherPatternTool", "DitherPatternTool\DitherPatternTool.csproj", "{D8DF35C4-C250-48F2-8A66-349A7C3074A8}"
EndProject
Global
	GlobalSection(SolutionConfigurationPlatforms) = preSolution
		Debug|Any CPU = Debug|Any CPU
		Release|Any CPU = Release|Any CPU
	EndGlobalSection
	GlobalSection(ProjectConfigurationPlatforms) = postSolution
		{D8DF35C4-C250-48F2-8A66-349A7C3074A8}.Debug|Any CPU.ActiveCfg = Debug|Any CPU
		{D8DF35C4-C250-48F2-8A66-349A7C3074A8}.Debug|Any CPU.Build.0 = Debug|Any CPU
		{D8DF35C4-C250-48F2-8A66-349A7C3074A8}.Release|Any CPU.ActiveCfg = Release|Any CPU
		{D8DF35C4-C250-48F2-8A66-349A7C3074A8}.Release|Any CPU.Build.0 = Release|Any CPU
	EndGlobalSection
	GlobalSection(SolutionProperties) = preSolution
		HideSolutionNode = FALSE
	EndGlobalSection
	GlobalSection(ExtensibilityGlobals) = postSolution
		SolutionGuid = {4B45C289-7B6C-4E62-BBFA-DB79203C29F1}
	EndGlobalSection
EndGlobal
